// !$*UTF8*$!
{
	archiveVersion = 1;
	classes = {
	};
	objectVersion = 56;
	objects = {

/* Begin PBXBuildFile section */
		966DF69A2C8C506700A00897 /* HomeViewController.swift in Sources */ = {isa = PBXBuildFile; fileRef = 966DF6992C8C506700A00897 /* HomeViewController.swift */; };
		966DF69C2C8C540E00A00897 /* CharacterCollectionViewCell.swift in Sources */ = {isa = PBXBuildFile; fileRef = 966DF69B2C8C540E00A00897 /* CharacterCollectionViewCell.swift */; };
		96D4FB9C2C8C45E2000B8EC9 /* AppDelegate.swift in Sources */ = {isa = PBXBuildFile; fileRef = 96D4FB9B2C8C45E2000B8EC9 /* AppDelegate.swift */; };
		96D4FB9E2C8C45E2000B8EC9 /* SceneDelegate.swift in Sources */ = {isa = PBXBuildFile; fileRef = 96D4FB9D2C8C45E2000B8EC9 /* SceneDelegate.swift */; };
		96D4FBA02C8C45E2000B8EC9 /* ViewController.swift in Sources */ = {isa = PBXBuildFile; fileRef = 96D4FB9F2C8C45E2000B8EC9 /* ViewController.swift */; };
		96D4FBA32C8C45E2000B8EC9 /* Base in Resources */ = {isa = PBXBuildFile; fileRef = 96D4FBA22C8C45E2000B8EC9 /* Base */; };
		96D4FBA52C8C45E3000B8EC9 /* Assets.xcassets in Resources */ = {isa = PBXBuildFile; fileRef = 96D4FBA42C8C45E3000B8EC9 /* Assets.xcassets */; };
		96D4FBA82C8C45E3000B8EC9 /* Base in Resources */ = {isa = PBXBuildFile; fileRef = 96D4FBA72C8C45E3000B8EC9 /* Base */; };
		96D4FBB32C8C45E3000B8EC9 /* MortyverseTests.swift in Sources */ = {isa = PBXBuildFile; fileRef = 96D4FBB22C8C45E3000B8EC9 /* MortyverseTests.swift */; };
		96D4FBBD2C8C45E3000B8EC9 /* MortyverseUITests.swift in Sources */ = {isa = PBXBuildFile; fileRef = 96D4FBBC2C8C45E3000B8EC9 /* MortyverseUITests.swift */; };
		96D4FBBF2C8C45E3000B8EC9 /* MortyverseUITestsLaunchTests.swift in Sources */ = {isa = PBXBuildFile; fileRef = 96D4FBBE2C8C45E3000B8EC9 /* MortyverseUITestsLaunchTests.swift */; };
		96DEB3082C8E1746002C9510 /* Characters.swift in Sources */ = {isa = PBXBuildFile; fileRef = 96DEB3072C8E1746002C9510 /* Characters.swift */; };
		9CFB8061348173A76E64E5EB /* Pods_Mortyverse.framework in Frameworks */ = {isa = PBXBuildFile; fileRef = A743C0514ECF349E7FE962EF /* Pods_Mortyverse.framework */; };
		D12FD89B5CD23BBA00F1AC5B /* Pods_MortyverseTests.framework in Frameworks */ = {isa = PBXBuildFile; fileRef = 4629AF9830655AAB009474C4 /* Pods_MortyverseTests.framework */; };
		DCA390A0FECF7902A80AF975 /* Pods_Mortyverse_MortyverseUITests.framework in Frameworks */ = {isa = PBXBuildFile; fileRef = 25F702D27D6610C13019BAF8 /* Pods_Mortyverse_MortyverseUITests.framework */; };
/* End PBXBuildFile section */

/* Begin PBXContainerItemProxy section */
		96D4FBAF2C8C45E3000B8EC9 /* PBXContainerItemProxy */ = {
			isa = PBXContainerItemProxy;
			containerPortal = 96D4FB902C8C45E2000B8EC9 /* Project object */;
			proxyType = 1;
			remoteGlobalIDString = 96D4FB972C8C45E2000B8EC9;
			remoteInfo = Mortyverse;
		};
		96D4FBB92C8C45E3000B8EC9 /* PBXContainerItemProxy */ = {
			isa = PBXContainerItemProxy;
			containerPortal = 96D4FB902C8C45E2000B8EC9 /* Project object */;
			proxyType = 1;
			remoteGlobalIDString = 96D4FB972C8C45E2000B8EC9;
			remoteInfo = Mortyverse;
		};
/* End PBXContainerItemProxy section */

/* Begin PBXFileReference section */
		22A1DE3520ACA51686B6DF56 /* Pods-Mortyverse-MortyverseUITests.debug.xcconfig */ = {isa = PBXFileReference; includeInIndex = 1; lastKnownFileType = text.xcconfig; name = "Pods-Mortyverse-MortyverseUITests.debug.xcconfig"; path = "Target Support Files/Pods-Mortyverse-MortyverseUITests/Pods-Mortyverse-MortyverseUITests.debug.xcconfig"; sourceTree = "<group>"; };
		25F702D27D6610C13019BAF8 /* Pods_Mortyverse_MortyverseUITests.framework */ = {isa = PBXFileReference; explicitFileType = wrapper.framework; includeInIndex = 0; path = Pods_Mortyverse_MortyverseUITests.framework; sourceTree = BUILT_PRODUCTS_DIR; };
		4629AF9830655AAB009474C4 /* Pods_MortyverseTests.framework */ = {isa = PBXFileReference; explicitFileType = wrapper.framework; includeInIndex = 0; path = Pods_MortyverseTests.framework; sourceTree = BUILT_PRODUCTS_DIR; };
		623CBA5C0E08068E98A180B7 /* Pods-MortyverseTests.debug.xcconfig */ = {isa = PBXFileReference; includeInIndex = 1; lastKnownFileType = text.xcconfig; name = "Pods-MortyverseTests.debug.xcconfig"; path = "Target Support Files/Pods-MortyverseTests/Pods-MortyverseTests.debug.xcconfig"; sourceTree = "<group>"; };
		69A2A1FF03D29D9750C3D9D0 /* Pods-Mortyverse-MortyverseUITests.release.xcconfig */ = {isa = PBXFileReference; includeInIndex = 1; lastKnownFileType = text.xcconfig; name = "Pods-Mortyverse-MortyverseUITests.release.xcconfig"; path = "Target Support Files/Pods-Mortyverse-MortyverseUITests/Pods-Mortyverse-MortyverseUITests.release.xcconfig"; sourceTree = "<group>"; };
		966DF6992C8C506700A00897 /* HomeViewController.swift */ = {isa = PBXFileReference; lastKnownFileType = sourcecode.swift; path = HomeViewController.swift; sourceTree = "<group>"; };
		966DF69B2C8C540E00A00897 /* CharacterCollectionViewCell.swift */ = {isa = PBXFileReference; lastKnownFileType = sourcecode.swift; path = CharacterCollectionViewCell.swift; sourceTree = "<group>"; };
		96D4FB982C8C45E2000B8EC9 /* Mortyverse.app */ = {isa = PBXFileReference; explicitFileType = wrapper.application; includeInIndex = 0; path = Mortyverse.app; sourceTree = BUILT_PRODUCTS_DIR; };
		96D4FB9B2C8C45E2000B8EC9 /* AppDelegate.swift */ = {isa = PBXFileReference; lastKnownFileType = sourcecode.swift; path = AppDelegate.swift; sourceTree = "<group>"; };
		96D4FB9D2C8C45E2000B8EC9 /* SceneDelegate.swift */ = {isa = PBXFileReference; lastKnownFileType = sourcecode.swift; path = SceneDelegate.swift; sourceTree = "<group>"; };
		96D4FB9F2C8C45E2000B8EC9 /* ViewController.swift */ = {isa = PBXFileReference; lastKnownFileType = sourcecode.swift; path = ViewController.swift; sourceTree = "<group>"; };
		96D4FBA22C8C45E2000B8EC9 /* Base */ = {isa = PBXFileReference; lastKnownFileType = file.storyboard; name = Base; path = Base.lproj/Main.storyboard; sourceTree = "<group>"; };
		96D4FBA42C8C45E3000B8EC9 /* Assets.xcassets */ = {isa = PBXFileReference; lastKnownFileType = folder.assetcatalog; path = Assets.xcassets; sourceTree = "<group>"; };
		96D4FBA72C8C45E3000B8EC9 /* Base */ = {isa = PBXFileReference; lastKnownFileType = file.storyboard; name = Base; path = Base.lproj/LaunchScreen.storyboard; sourceTree = "<group>"; };
		96D4FBA92C8C45E3000B8EC9 /* Info.plist */ = {isa = PBXFileReference; lastKnownFileType = text.plist.xml; path = Info.plist; sourceTree = "<group>"; };
		96D4FBAE2C8C45E3000B8EC9 /* MortyverseTests.xctest */ = {isa = PBXFileReference; explicitFileType = wrapper.cfbundle; includeInIndex = 0; path = MortyverseTests.xctest; sourceTree = BUILT_PRODUCTS_DIR; };
		96D4FBB22C8C45E3000B8EC9 /* MortyverseTests.swift */ = {isa = PBXFileReference; lastKnownFileType = sourcecode.swift; path = MortyverseTests.swift; sourceTree = "<group>"; };
		96D4FBB82C8C45E3000B8EC9 /* MortyverseUITests.xctest */ = {isa = PBXFileReference; explicitFileType = wrapper.cfbundle; includeInIndex = 0; path = MortyverseUITests.xctest; sourceTree = BUILT_PRODUCTS_DIR; };
		96D4FBBC2C8C45E3000B8EC9 /* MortyverseUITests.swift */ = {isa = PBXFileReference; lastKnownFileType = sourcecode.swift; path = MortyverseUITests.swift; sourceTree = "<group>"; };
		96D4FBBE2C8C45E3000B8EC9 /* MortyverseUITestsLaunchTests.swift */ = {isa = PBXFileReference; lastKnownFileType = sourcecode.swift; path = MortyverseUITestsLaunchTests.swift; sourceTree = "<group>"; };
		96DEB3072C8E1746002C9510 /* Characters.swift */ = {isa = PBXFileReference; lastKnownFileType = sourcecode.swift; path = Characters.swift; sourceTree = "<group>"; };
		A743C0514ECF349E7FE962EF /* Pods_Mortyverse.framework */ = {isa = PBXFileReference; explicitFileType = wrapper.framework; includeInIndex = 0; path = Pods_Mortyverse.framework; sourceTree = BUILT_PRODUCTS_DIR; };
		B2BC95C663419605271A80BF /* Pods-Mortyverse.release.xcconfig */ = {isa = PBXFileReference; includeInIndex = 1; lastKnownFileType = text.xcconfig; name = "Pods-Mortyverse.release.xcconfig"; path = "Target Support Files/Pods-Mortyverse/Pods-Mortyverse.release.xcconfig"; sourceTree = "<group>"; };
		DC6D8BE29797037C5B3F3F81 /* Pods-MortyverseTests.release.xcconfig */ = {isa = PBXFileReference; includeInIndex = 1; lastKnownFileType = text.xcconfig; name = "Pods-MortyverseTests.release.xcconfig"; path = "Target Support Files/Pods-MortyverseTests/Pods-MortyverseTests.release.xcconfig"; sourceTree = "<group>"; };
		E1034E3B54CBB48DDE813019 /* Pods-Mortyverse.debug.xcconfig */ = {isa = PBXFileReference; includeInIndex = 1; lastKnownFileType = text.xcconfig; name = "Pods-Mortyverse.debug.xcconfig"; path = "Target Support Files/Pods-Mortyverse/Pods-Mortyverse.debug.xcconfig"; sourceTree = "<group>"; };
/* End PBXFileReference section */

/* Begin PBXFrameworksBuildPhase section */
		96D4FB952C8C45E2000B8EC9 /* Frameworks */ = {
			isa = PBXFrameworksBuildPhase;
			buildActionMask = 2147483647;
			files = (
				9CFB8061348173A76E64E5EB /* Pods_Mortyverse.framework in Frameworks */,
			);
			runOnlyForDeploymentPostprocessing = 0;
		};
		96D4FBAB2C8C45E3000B8EC9 /* Frameworks */ = {
			isa = PBXFrameworksBuildPhase;
			buildActionMask = 2147483647;
			files = (
				D12FD89B5CD23BBA00F1AC5B /* Pods_MortyverseTests.framework in Frameworks */,
			);
			runOnlyForDeploymentPostprocessing = 0;
		};
		96D4FBB52C8C45E3000B8EC9 /* Frameworks */ = {
			isa = PBXFrameworksBuildPhase;
			buildActionMask = 2147483647;
			files = (
				DCA390A0FECF7902A80AF975 /* Pods_Mortyverse_MortyverseUITests.framework in Frameworks */,
			);
			runOnlyForDeploymentPostprocessing = 0;
		};
/* End PBXFrameworksBuildPhase section */

/* Begin PBXGroup section */
		4274B52D9D505BEECCDB304C /* Frameworks */ = {
			isa = PBXGroup;
			children = (
				A743C0514ECF349E7FE962EF /* Pods_Mortyverse.framework */,
				25F702D27D6610C13019BAF8 /* Pods_Mortyverse_MortyverseUITests.framework */,
				4629AF9830655AAB009474C4 /* Pods_MortyverseTests.framework */,
			);
			name = Frameworks;
			sourceTree = "<group>";
		};
		967B5F5D2C8C4CE30033AD22 /* Model */ = {
			isa = PBXGroup;
			children = (
				96DEB3072C8E1746002C9510 /* Characters.swift */,
			);
			path = Model;
			sourceTree = "<group>";
		};
		967B5F5E2C8C4CE90033AD22 /* View */ = {
			isa = PBXGroup;
			children = (
				967B5F642C8C4DD60033AD22 /* buttons */,
				967B5F632C8C4DCA0033AD22 /* cells */,
			);
			path = View;
			sourceTree = "<group>";
		};
		967B5F5F2C8C4CF20033AD22 /* ViewModels */ = {
			isa = PBXGroup;
			children = (
				967B5F662C8C4DF90033AD22 /* Details */,
				967B5F652C8C4DF40033AD22 /* Home */,
			);
			path = ViewModels;
			sourceTree = "<group>";
		};
		967B5F602C8C4CF90033AD22 /* Controllers */ = {
			isa = PBXGroup;
			children = (
				967B5F682C8C4E110033AD22 /* Details */,
				967B5F672C8C4E030033AD22 /* Home */,
			);
			path = Controllers;
			sourceTree = "<group>";
		};
		967B5F612C8C4D0E0033AD22 /* Networking */ = {
			isa = PBXGroup;
			children = (
			);
			path = Networking;
			sourceTree = "<group>";
		};
		967B5F622C8C4D140033AD22 /* Helpers */ = {
			isa = PBXGroup;
			children = (
			);
			path = Helpers;
			sourceTree = "<group>";
		};
		967B5F632C8C4DCA0033AD22 /* cells */ = {
			isa = PBXGroup;
			children = (
				966DF69B2C8C540E00A00897 /* CharacterCollectionViewCell.swift */,
			);
			path = cells;
			sourceTree = "<group>";
		};
		967B5F642C8C4DD60033AD22 /* buttons */ = {
			isa = PBXGroup;
			children = (
			);
			path = buttons;
			sourceTree = "<group>";
		};
		967B5F652C8C4DF40033AD22 /* Home */ = {
			isa = PBXGroup;
			children = (
			);
			path = Home;
			sourceTree = "<group>";
		};
		967B5F662C8C4DF90033AD22 /* Details */ = {
			isa = PBXGroup;
			children = (
			);
			path = Details;
			sourceTree = "<group>";
		};
		967B5F672C8C4E030033AD22 /* Home */ = {
			isa = PBXGroup;
			children = (
				966DF6992C8C506700A00897 /* HomeViewController.swift */,
			);
			path = Home;
			sourceTree = "<group>";
		};
		967B5F682C8C4E110033AD22 /* Details */ = {
			isa = PBXGroup;
			children = (
			);
			path = Details;
			sourceTree = "<group>";
		};
		96D4FB8F2C8C45E2000B8EC9 = {
			isa = PBXGroup;
			children = (
				96D4FB9A2C8C45E2000B8EC9 /* Mortyverse */,
				96D4FBB12C8C45E3000B8EC9 /* MortyverseTests */,
				96D4FBBB2C8C45E3000B8EC9 /* MortyverseUITests */,
				96D4FB992C8C45E2000B8EC9 /* Products */,
				B6817F129480BAE4B5DBE18D /* Pods */,
				4274B52D9D505BEECCDB304C /* Frameworks */,
			);
			sourceTree = "<group>";
		};
		96D4FB992C8C45E2000B8EC9 /* Products */ = {
			isa = PBXGroup;
			children = (
				96D4FB982C8C45E2000B8EC9 /* Mortyverse.app */,
				96D4FBAE2C8C45E3000B8EC9 /* MortyverseTests.xctest */,
				96D4FBB82C8C45E3000B8EC9 /* MortyverseUITests.xctest */,
			);
			name = Products;
			sourceTree = "<group>";
		};
		96D4FB9A2C8C45E2000B8EC9 /* Mortyverse */ = {
			isa = PBXGroup;
			children = (
				967B5F622C8C4D140033AD22 /* Helpers */,
				967B5F612C8C4D0E0033AD22 /* Networking */,
				967B5F602C8C4CF90033AD22 /* Controllers */,
				967B5F5F2C8C4CF20033AD22 /* ViewModels */,
				967B5F5E2C8C4CE90033AD22 /* View */,
				967B5F5D2C8C4CE30033AD22 /* Model */,
				96D4FB9B2C8C45E2000B8EC9 /* AppDelegate.swift */,
				96D4FB9D2C8C45E2000B8EC9 /* SceneDelegate.swift */,
				96D4FB9F2C8C45E2000B8EC9 /* ViewController.swift */,
				96D4FBA12C8C45E2000B8EC9 /* Main.storyboard */,
				96D4FBA42C8C45E3000B8EC9 /* Assets.xcassets */,
				96D4FBA62C8C45E3000B8EC9 /* LaunchScreen.storyboard */,
				96D4FBA92C8C45E3000B8EC9 /* Info.plist */,
			);
			path = Mortyverse;
			sourceTree = "<group>";
		};
		96D4FBB12C8C45E3000B8EC9 /* MortyverseTests */ = {
			isa = PBXGroup;
			children = (
				96D4FBB22C8C45E3000B8EC9 /* MortyverseTests.swift */,
			);
			path = MortyverseTests;
			sourceTree = "<group>";
		};
		96D4FBBB2C8C45E3000B8EC9 /* MortyverseUITests */ = {
			isa = PBXGroup;
			children = (
				96D4FBBC2C8C45E3000B8EC9 /* MortyverseUITests.swift */,
				96D4FBBE2C8C45E3000B8EC9 /* MortyverseUITestsLaunchTests.swift */,
			);
			path = MortyverseUITests;
			sourceTree = "<group>";
		};
		B6817F129480BAE4B5DBE18D /* Pods */ = {
			isa = PBXGroup;
			children = (
				E1034E3B54CBB48DDE813019 /* Pods-Mortyverse.debug.xcconfig */,
				B2BC95C663419605271A80BF /* Pods-Mortyverse.release.xcconfig */,
				22A1DE3520ACA51686B6DF56 /* Pods-Mortyverse-MortyverseUITests.debug.xcconfig */,
				69A2A1FF03D29D9750C3D9D0 /* Pods-Mortyverse-MortyverseUITests.release.xcconfig */,
				623CBA5C0E08068E98A180B7 /* Pods-MortyverseTests.debug.xcconfig */,
				DC6D8BE29797037C5B3F3F81 /* Pods-MortyverseTests.release.xcconfig */,
			);
			name = Pods;
			path = Pods;
			sourceTree = "<group>";
		};
/* End PBXGroup section */

/* Begin PBXNativeTarget section */
		96D4FB972C8C45E2000B8EC9 /* Mortyverse */ = {
			isa = PBXNativeTarget;
			buildConfigurationList = 96D4FBC22C8C45E3000B8EC9 /* Build configuration list for PBXNativeTarget "Mortyverse" */;
			buildPhases = (
				F9E6EF09178A67D9E5B5EDA4 /* [CP] Check Pods Manifest.lock */,
				96D4FB942C8C45E2000B8EC9 /* Sources */,
				96D4FB952C8C45E2000B8EC9 /* Frameworks */,
				96D4FB962C8C45E2000B8EC9 /* Resources */,
				C727EDC90CA162F7C84D3946 /* [CP] Embed Pods Frameworks */,
			);
			buildRules = (
			);
			dependencies = (
			);
			name = Mortyverse;
			productName = Mortyverse;
			productReference = 96D4FB982C8C45E2000B8EC9 /* Mortyverse.app */;
			productType = "com.apple.product-type.application";
		};
		96D4FBAD2C8C45E3000B8EC9 /* MortyverseTests */ = {
			isa = PBXNativeTarget;
			buildConfigurationList = 96D4FBC52C8C45E3000B8EC9 /* Build configuration list for PBXNativeTarget "MortyverseTests" */;
			buildPhases = (
				F4DDAF7040D8ACA7B3AB56C4 /* [CP] Check Pods Manifest.lock */,
				96D4FBAA2C8C45E3000B8EC9 /* Sources */,
				96D4FBAB2C8C45E3000B8EC9 /* Frameworks */,
				96D4FBAC2C8C45E3000B8EC9 /* Resources */,
				2876C7FC95D7AEE31C661837 /* [CP] Embed Pods Frameworks */,
			);
			buildRules = (
			);
			dependencies = (
				96D4FBB02C8C45E3000B8EC9 /* PBXTargetDependency */,
			);
			name = MortyverseTests;
			productName = MortyverseTests;
			productReference = 96D4FBAE2C8C45E3000B8EC9 /* MortyverseTests.xctest */;
			productType = "com.apple.product-type.bundle.unit-test";
		};
		96D4FBB72C8C45E3000B8EC9 /* MortyverseUITests */ = {
			isa = PBXNativeTarget;
			buildConfigurationList = 96D4FBC82C8C45E3000B8EC9 /* Build configuration list for PBXNativeTarget "MortyverseUITests" */;
			buildPhases = (
				54D136BA6EF3D6F9D2B9C579 /* [CP] Check Pods Manifest.lock */,
				96D4FBB42C8C45E3000B8EC9 /* Sources */,
				96D4FBB52C8C45E3000B8EC9 /* Frameworks */,
				96D4FBB62C8C45E3000B8EC9 /* Resources */,
				D890448D75C0EECB9BF26B4F /* [CP] Embed Pods Frameworks */,
			);
			buildRules = (
			);
			dependencies = (
				96D4FBBA2C8C45E3000B8EC9 /* PBXTargetDependency */,
			);
			name = MortyverseUITests;
			productName = MortyverseUITests;
			productReference = 96D4FBB82C8C45E3000B8EC9 /* MortyverseUITests.xctest */;
			productType = "com.apple.product-type.bundle.ui-testing";
		};
/* End PBXNativeTarget section */

/* Begin PBXProject section */
		96D4FB902C8C45E2000B8EC9 /* Project object */ = {
			isa = PBXProject;
			attributes = {
				BuildIndependentTargetsInParallel = 1;
				LastSwiftUpdateCheck = 1540;
				LastUpgradeCheck = 1540;
				TargetAttributes = {
					96D4FB972C8C45E2000B8EC9 = {
						CreatedOnToolsVersion = 15.4;
					};
					96D4FBAD2C8C45E3000B8EC9 = {
						CreatedOnToolsVersion = 15.4;
						TestTargetID = 96D4FB972C8C45E2000B8EC9;
					};
					96D4FBB72C8C45E3000B8EC9 = {
						CreatedOnToolsVersion = 15.4;
						TestTargetID = 96D4FB972C8C45E2000B8EC9;
					};
				};
			};
			buildConfigurationList = 96D4FB932C8C45E2000B8EC9 /* Build configuration list for PBXProject "Mortyverse" */;
			compatibilityVersion = "Xcode 14.0";
			developmentRegion = en;
			hasScannedForEncodings = 0;
			knownRegions = (
				en,
				Base,
			);
			mainGroup = 96D4FB8F2C8C45E2000B8EC9;
			productRefGroup = 96D4FB992C8C45E2000B8EC9 /* Products */;
			projectDirPath = "";
			projectRoot = "";
			targets = (
				96D4FB972C8C45E2000B8EC9 /* Mortyverse */,
				96D4FBAD2C8C45E3000B8EC9 /* MortyverseTests */,
				96D4FBB72C8C45E3000B8EC9 /* MortyverseUITests */,
			);
		};
/* End PBXProject section */

/* Begin PBXResourcesBuildPhase section */
		96D4FB962C8C45E2000B8EC9 /* Resources */ = {
			isa = PBXResourcesBuildPhase;
			buildActionMask = 2147483647;
			files = (
				96D4FBA52C8C45E3000B8EC9 /* Assets.xcassets in Resources */,
				96D4FBA82C8C45E3000B8EC9 /* Base in Resources */,
				96D4FBA32C8C45E2000B8EC9 /* Base in Resources */,
			);
			runOnlyForDeploymentPostprocessing = 0;
		};
		96D4FBAC2C8C45E3000B8EC9 /* Resources */ = {
			isa = PBXResourcesBuildPhase;
			buildActionMask = 2147483647;
			files = (
			);
			runOnlyForDeploymentPostprocessing = 0;
		};
		96D4FBB62C8C45E3000B8EC9 /* Resources */ = {
			isa = PBXResourcesBuildPhase;
			buildActionMask = 2147483647;
			files = (
			);
			runOnlyForDeploymentPostprocessing = 0;
		};
/* End PBXResourcesBuildPhase section */

/* Begin PBXShellScriptBuildPhase section */
		2876C7FC95D7AEE31C661837 /* [CP] Embed Pods Frameworks */ = {
			isa = PBXShellScriptBuildPhase;
			buildActionMask = 2147483647;
			files = (
			);
			inputFileListPaths = (
				"${PODS_ROOT}/Target Support Files/Pods-MortyverseTests/Pods-MortyverseTests-frameworks-${CONFIGURATION}-input-files.xcfilelist",
			);
			name = "[CP] Embed Pods Frameworks";
			outputFileListPaths = (
				"${PODS_ROOT}/Target Support Files/Pods-MortyverseTests/Pods-MortyverseTests-frameworks-${CONFIGURATION}-output-files.xcfilelist",
			);
			runOnlyForDeploymentPostprocessing = 0;
			shellPath = /bin/sh;
			shellScript = "\"${PODS_ROOT}/Target Support Files/Pods-MortyverseTests/Pods-MortyverseTests-frameworks.sh\"\n";
			showEnvVarsInLog = 0;
		};
		54D136BA6EF3D6F9D2B9C579 /* [CP] Check Pods Manifest.lock */ = {
			isa = PBXShellScriptBuildPhase;
			buildActionMask = 2147483647;
			files = (
			);
			inputFileListPaths = (
			);
			inputPaths = (
				"${PODS_PODFILE_DIR_PATH}/Podfile.lock",
				"${PODS_ROOT}/Manifest.lock",
			);
			name = "[CP] Check Pods Manifest.lock";
			outputFileListPaths = (
			);
			outputPaths = (
				"$(DERIVED_FILE_DIR)/Pods-Mortyverse-MortyverseUITests-checkManifestLockResult.txt",
			);
			runOnlyForDeploymentPostprocessing = 0;
			shellPath = /bin/sh;
			shellScript = "diff \"${PODS_PODFILE_DIR_PATH}/Podfile.lock\" \"${PODS_ROOT}/Manifest.lock\" > /dev/null\nif [ $? != 0 ] ; then\n    # print error to STDERR\n    echo \"error: The sandbox is not in sync with the Podfile.lock. Run 'pod install' or update your CocoaPods installation.\" >&2\n    exit 1\nfi\n# This output is used by Xcode 'outputs' to avoid re-running this script phase.\necho \"SUCCESS\" > \"${SCRIPT_OUTPUT_FILE_0}\"\n";
			showEnvVarsInLog = 0;
		};
		C727EDC90CA162F7C84D3946 /* [CP] Embed Pods Frameworks */ = {
			isa = PBXShellScriptBuildPhase;
			buildActionMask = 2147483647;
			files = (
			);
			inputFileListPaths = (
				"${PODS_ROOT}/Target Support Files/Pods-Mortyverse/Pods-Mortyverse-frameworks-${CONFIGURATION}-input-files.xcfilelist",
			);
			name = "[CP] Embed Pods Frameworks";
			outputFileListPaths = (
				"${PODS_ROOT}/Target Support Files/Pods-Mortyverse/Pods-Mortyverse-frameworks-${CONFIGURATION}-output-files.xcfilelist",
			);
			runOnlyForDeploymentPostprocessing = 0;
			shellPath = /bin/sh;
			shellScript = "\"${PODS_ROOT}/Target Support Files/Pods-Mortyverse/Pods-Mortyverse-frameworks.sh\"\n";
			showEnvVarsInLog = 0;
		};
		D890448D75C0EECB9BF26B4F /* [CP] Embed Pods Frameworks */ = {
			isa = PBXShellScriptBuildPhase;
			buildActionMask = 2147483647;
			files = (
			);
			inputFileListPaths = (
				"${PODS_ROOT}/Target Support Files/Pods-Mortyverse-MortyverseUITests/Pods-Mortyverse-MortyverseUITests-frameworks-${CONFIGURATION}-input-files.xcfilelist",
			);
			name = "[CP] Embed Pods Frameworks";
			outputFileListPaths = (
				"${PODS_ROOT}/Target Support Files/Pods-Mortyverse-MortyverseUITests/Pods-Mortyverse-MortyverseUITests-frameworks-${CONFIGURATION}-output-files.xcfilelist",
			);
			runOnlyForDeploymentPostprocessing = 0;
			shellPath = /bin/sh;
			shellScript = "\"${PODS_ROOT}/Target Support Files/Pods-Mortyverse-MortyverseUITests/Pods-Mortyverse-MortyverseUITests-frameworks.sh\"\n";
			showEnvVarsInLog = 0;
		};
		F4DDAF7040D8ACA7B3AB56C4 /* [CP] Check Pods Manifest.lock */ = {
			isa = PBXShellScriptBuildPhase;
			buildActionMask = 2147483647;
			files = (
			);
			inputFileListPaths = (
			);
			inputPaths = (
				"${PODS_PODFILE_DIR_PATH}/Podfile.lock",
				"${PODS_ROOT}/Manifest.lock",
			);
			name = "[CP] Check Pods Manifest.lock";
			outputFileListPaths = (
			);
			outputPaths = (
				"$(DERIVED_FILE_DIR)/Pods-MortyverseTests-checkManifestLockResult.txt",
			);
			runOnlyForDeploymentPostprocessing = 0;
			shellPath = /bin/sh;
			shellScript = "diff \"${PODS_PODFILE_DIR_PATH}/Podfile.lock\" \"${PODS_ROOT}/Manifest.lock\" > /dev/null\nif [ $? != 0 ] ; then\n    # print error to STDERR\n    echo \"error: The sandbox is not in sync with the Podfile.lock. Run 'pod install' or update your CocoaPods installation.\" >&2\n    exit 1\nfi\n# This output is used by Xcode 'outputs' to avoid re-running this script phase.\necho \"SUCCESS\" > \"${SCRIPT_OUTPUT_FILE_0}\"\n";
			showEnvVarsInLog = 0;
		};
		F9E6EF09178A67D9E5B5EDA4 /* [CP] Check Pods Manifest.lock */ = {
			isa = PBXShellScriptBuildPhase;
			buildActionMask = 2147483647;
			files = (
			);
			inputFileListPaths = (
			);
			inputPaths = (
				"${PODS_PODFILE_DIR_PATH}/Podfile.lock",
				"${PODS_ROOT}/Manifest.lock",
			);
			name = "[CP] Check Pods Manifest.lock";
			outputFileListPaths = (
			);
			outputPaths = (
				"$(DERIVED_FILE_DIR)/Pods-Mortyverse-checkManifestLockResult.txt",
			);
			runOnlyForDeploymentPostprocessing = 0;
			shellPath = /bin/sh;
			shellScript = "diff \"${PODS_PODFILE_DIR_PATH}/Podfile.lock\" \"${PODS_ROOT}/Manifest.lock\" > /dev/null\nif [ $? != 0 ] ; then\n    # print error to STDERR\n    echo \"error: The sandbox is not in sync with the Podfile.lock. Run 'pod install' or update your CocoaPods installation.\" >&2\n    exit 1\nfi\n# This output is used by Xcode 'outputs' to avoid re-running this script phase.\necho \"SUCCESS\" > \"${SCRIPT_OUTPUT_FILE_0}\"\n";
			showEnvVarsInLog = 0;
		};
/* End PBXShellScriptBuildPhase section */

/* Begin PBXSourcesBuildPhase section */
		96D4FB942C8C45E2000B8EC9 /* Sources */ = {
			isa = PBXSourcesBuildPhase;
			buildActionMask = 2147483647;
			files = (
				966DF69C2C8C540E00A00897 /* CharacterCollectionViewCell.swift in Sources */,
				96DEB3082C8E1746002C9510 /* Characters.swift in Sources */,
				96D4FBA02C8C45E2000B8EC9 /* ViewController.swift in Sources */,
				96D4FB9C2C8C45E2000B8EC9 /* AppDelegate.swift in Sources */,
				96D4FB9E2C8C45E2000B8EC9 /* SceneDelegate.swift in Sources */,
				966DF69A2C8C506700A00897 /* HomeViewController.swift in Sources */,
			);
			runOnlyForDeploymentPostprocessing = 0;
		};
		96D4FBAA2C8C45E3000B8EC9 /* Sources */ = {
			isa = PBXSourcesBuildPhase;
			buildActionMask = 2147483647;
			files = (
				96D4FBB32C8C45E3000B8EC9 /* MortyverseTests.swift in Sources */,
			);
			runOnlyForDeploymentPostprocessing = 0;
		};
		96D4FBB42C8C45E3000B8EC9 /* Sources */ = {
			isa = PBXSourcesBuildPhase;
			buildActionMask = 2147483647;
			files = (
				96D4FBBF2C8C45E3000B8EC9 /* MortyverseUITestsLaunchTests.swift in Sources */,
				96D4FBBD2C8C45E3000B8EC9 /* MortyverseUITests.swift in Sources */,
			);
			runOnlyForDeploymentPostprocessing = 0;
		};
/* End PBXSourcesBuildPhase section */

/* Begin PBXTargetDependency section */
		96D4FBB02C8C45E3000B8EC9 /* PBXTargetDependency */ = {
			isa = PBXTargetDependency;
			target = 96D4FB972C8C45E2000B8EC9 /* Mortyverse */;
			targetProxy = 96D4FBAF2C8C45E3000B8EC9 /* PBXContainerItemProxy */;
		};
		96D4FBBA2C8C45E3000B8EC9 /* PBXTargetDependency */ = {
			isa = PBXTargetDependency;
			target = 96D4FB972C8C45E2000B8EC9 /* Mortyverse */;
			targetProxy = 96D4FBB92C8C45E3000B8EC9 /* PBXContainerItemProxy */;
		};
/* End PBXTargetDependency section */

/* Begin PBXVariantGroup section */
		96D4FBA12C8C45E2000B8EC9 /* Main.storyboard */ = {
			isa = PBXVariantGroup;
			children = (
				96D4FBA22C8C45E2000B8EC9 /* Base */,
			);
			name = Main.storyboard;
			sourceTree = "<group>";
		};
		96D4FBA62C8C45E3000B8EC9 /* LaunchScreen.storyboard */ = {
			isa = PBXVariantGroup;
			children = (
				96D4FBA72C8C45E3000B8EC9 /* Base */,
			);
			name = LaunchScreen.storyboard;
			sourceTree = "<group>";
		};
/* End PBXVariantGroup section */

/* Begin XCBuildConfiguration section */
		96D4FBC02C8C45E3000B8EC9 /* Debug */ = {
			isa = XCBuildConfiguration;
			buildSettings = {
				ALWAYS_SEARCH_USER_PATHS = NO;
				ASSETCATALOG_COMPILER_GENERATE_SWIFT_ASSET_SYMBOL_EXTENSIONS = YES;
				CLANG_ANALYZER_NONNULL = YES;
				CLANG_ANALYZER_NUMBER_OBJECT_CONVERSION = YES_AGGRESSIVE;
				CLANG_CXX_LANGUAGE_STANDARD = "gnu++20";
				CLANG_ENABLE_MODULES = YES;
				CLANG_ENABLE_OBJC_ARC = YES;
				CLANG_ENABLE_OBJC_WEAK = YES;
				CLANG_WARN_BLOCK_CAPTURE_AUTORELEASING = YES;
				CLANG_WARN_BOOL_CONVERSION = YES;
				CLANG_WARN_COMMA = YES;
				CLANG_WARN_CONSTANT_CONVERSION = YES;
				CLANG_WARN_DEPRECATED_OBJC_IMPLEMENTATIONS = YES;
				CLANG_WARN_DIRECT_OBJC_ISA_USAGE = YES_ERROR;
				CLANG_WARN_DOCUMENTATION_COMMENTS = YES;
				CLANG_WARN_EMPTY_BODY = YES;
				CLANG_WARN_ENUM_CONVERSION = YES;
				CLANG_WARN_INFINITE_RECURSION = YES;
				CLANG_WARN_INT_CONVERSION = YES;
				CLANG_WARN_NON_LITERAL_NULL_CONVERSION = YES;
				CLANG_WARN_OBJC_IMPLICIT_RETAIN_SELF = YES;
				CLANG_WARN_OBJC_LITERAL_CONVERSION = YES;
				CLANG_WARN_OBJC_ROOT_CLASS = YES_ERROR;
				CLANG_WARN_QUOTED_INCLUDE_IN_FRAMEWORK_HEADER = YES;
				CLANG_WARN_RANGE_LOOP_ANALYSIS = YES;
				CLANG_WARN_STRICT_PROTOTYPES = YES;
				CLANG_WARN_SUSPICIOUS_MOVE = YES;
				CLANG_WARN_UNGUARDED_AVAILABILITY = YES_AGGRESSIVE;
				CLANG_WARN_UNREACHABLE_CODE = YES;
				CLANG_WARN__DUPLICATE_METHOD_MATCH = YES;
				COPY_PHASE_STRIP = NO;
				DEBUG_INFORMATION_FORMAT = dwarf;
				ENABLE_STRICT_OBJC_MSGSEND = YES;
				ENABLE_TESTABILITY = YES;
				ENABLE_USER_SCRIPT_SANDBOXING = YES;
				GCC_C_LANGUAGE_STANDARD = gnu17;
				GCC_DYNAMIC_NO_PIC = NO;
				GCC_NO_COMMON_BLOCKS = YES;
				GCC_OPTIMIZATION_LEVEL = 0;
				GCC_PREPROCESSOR_DEFINITIONS = (
					"DEBUG=1",
					"$(inherited)",
				);
				GCC_WARN_64_TO_32_BIT_CONVERSION = YES;
				GCC_WARN_ABOUT_RETURN_TYPE = YES_ERROR;
				GCC_WARN_UNDECLARED_SELECTOR = YES;
				GCC_WARN_UNINITIALIZED_AUTOS = YES_AGGRESSIVE;
				GCC_WARN_UNUSED_FUNCTION = YES;
				GCC_WARN_UNUSED_VARIABLE = YES;
				IPHONEOS_DEPLOYMENT_TARGET = 17.5;
				LOCALIZATION_PREFERS_STRING_CATALOGS = YES;
				MTL_ENABLE_DEBUG_INFO = INCLUDE_SOURCE;
				MTL_FAST_MATH = YES;
				ONLY_ACTIVE_ARCH = YES;
				SDKROOT = iphoneos;
				SWIFT_ACTIVE_COMPILATION_CONDITIONS = "DEBUG $(inherited)";
				SWIFT_OPTIMIZATION_LEVEL = "-Onone";
			};
			name = Debug;
		};
		96D4FBC12C8C45E3000B8EC9 /* Release */ = {
			isa = XCBuildConfiguration;
			buildSettings = {
				ALWAYS_SEARCH_USER_PATHS = NO;
				ASSETCATALOG_COMPILER_GENERATE_SWIFT_ASSET_SYMBOL_EXTENSIONS = YES;
				CLANG_ANALYZER_NONNULL = YES;
				CLANG_ANALYZER_NUMBER_OBJECT_CONVERSION = YES_AGGRESSIVE;
				CLANG_CXX_LANGUAGE_STANDARD = "gnu++20";
				CLANG_ENABLE_MODULES = YES;
				CLANG_ENABLE_OBJC_ARC = YES;
				CLANG_ENABLE_OBJC_WEAK = YES;
				CLANG_WARN_BLOCK_CAPTURE_AUTORELEASING = YES;
				CLANG_WARN_BOOL_CONVERSION = YES;
				CLANG_WARN_COMMA = YES;
				CLANG_WARN_CONSTANT_CONVERSION = YES;
				CLANG_WARN_DEPRECATED_OBJC_IMPLEMENTATIONS = YES;
				CLANG_WARN_DIRECT_OBJC_ISA_USAGE = YES_ERROR;
				CLANG_WARN_DOCUMENTATION_COMMENTS = YES;
				CLANG_WARN_EMPTY_BODY = YES;
				CLANG_WARN_ENUM_CONVERSION = YES;
				CLANG_WARN_INFINITE_RECURSION = YES;
				CLANG_WARN_INT_CONVERSION = YES;
				CLANG_WARN_NON_LITERAL_NULL_CONVERSION = YES;
				CLANG_WARN_OBJC_IMPLICIT_RETAIN_SELF = YES;
				CLANG_WARN_OBJC_LITERAL_CONVERSION = YES;
				CLANG_WARN_OBJC_ROOT_CLASS = YES_ERROR;
				CLANG_WARN_QUOTED_INCLUDE_IN_FRAMEWORK_HEADER = YES;
				CLANG_WARN_RANGE_LOOP_ANALYSIS = YES;
				CLANG_WARN_STRICT_PROTOTYPES = YES;
				CLANG_WARN_SUSPICIOUS_MOVE = YES;
				CLANG_WARN_UNGUARDED_AVAILABILITY = YES_AGGRESSIVE;
				CLANG_WARN_UNREACHABLE_CODE = YES;
				CLANG_WARN__DUPLICATE_METHOD_MATCH = YES;
				COPY_PHASE_STRIP = NO;
				DEBUG_INFORMATION_FORMAT = "dwarf-with-dsym";
				ENABLE_NS_ASSERTIONS = NO;
				ENABLE_STRICT_OBJC_MSGSEND = YES;
				ENABLE_USER_SCRIPT_SANDBOXING = YES;
				GCC_C_LANGUAGE_STANDARD = gnu17;
				GCC_NO_COMMON_BLOCKS = YES;
				GCC_WARN_64_TO_32_BIT_CONVERSION = YES;
				GCC_WARN_ABOUT_RETURN_TYPE = YES_ERROR;
				GCC_WARN_UNDECLARED_SELECTOR = YES;
				GCC_WARN_UNINITIALIZED_AUTOS = YES_AGGRESSIVE;
				GCC_WARN_UNUSED_FUNCTION = YES;
				GCC_WARN_UNUSED_VARIABLE = YES;
				IPHONEOS_DEPLOYMENT_TARGET = 17.5;
				LOCALIZATION_PREFERS_STRING_CATALOGS = YES;
				MTL_ENABLE_DEBUG_INFO = NO;
				MTL_FAST_MATH = YES;
				SDKROOT = iphoneos;
				SWIFT_COMPILATION_MODE = wholemodule;
				VALIDATE_PRODUCT = YES;
			};
			name = Release;
		};
		96D4FBC32C8C45E3000B8EC9 /* Debug */ = {
			isa = XCBuildConfiguration;
			baseConfigurationReference = E1034E3B54CBB48DDE813019 /* Pods-Mortyverse.debug.xcconfig */;
			buildSettings = {
				ASSETCATALOG_COMPILER_APPICON_NAME = AppIcon;
				ASSETCATALOG_COMPILER_GLOBAL_ACCENT_COLOR_NAME = AccentColor;
				CODE_SIGN_STYLE = Automatic;
				CURRENT_PROJECT_VERSION = 1;
				DEVELOPMENT_TEAM = 5P662H3S28;
				GENERATE_INFOPLIST_FILE = YES;
				INFOPLIST_FILE = Mortyverse/Info.plist;
				INFOPLIST_KEY_UIApplicationSupportsIndirectInputEvents = YES;
				INFOPLIST_KEY_UILaunchStoryboardName = LaunchScreen;
				INFOPLIST_KEY_UIMainStoryboardFile = Main;
				INFOPLIST_KEY_UISupportedInterfaceOrientations_iPad = "UIInterfaceOrientationPortrait UIInterfaceOrientationPortraitUpsideDown UIInterfaceOrientationLandscapeLeft UIInterfaceOrientationLandscapeRight";
				INFOPLIST_KEY_UISupportedInterfaceOrientations_iPhone = "UIInterfaceOrientationPortrait UIInterfaceOrientationLandscapeLeft UIInterfaceOrientationLandscapeRight";
				LD_RUNPATH_SEARCH_PATHS = (
					"$(inherited)",
					"@executable_path/Frameworks",
				);
				MARKETING_VERSION = 1.0;
				PRODUCT_BUNDLE_IDENTIFIER = com.bulamu.Mortyverse;
				PRODUCT_NAME = "$(TARGET_NAME)";
				SWIFT_EMIT_LOC_STRINGS = YES;
				SWIFT_VERSION = 5.0;
				TARGETED_DEVICE_FAMILY = "1,2";
			};
			name = Debug;
		};
		96D4FBC42C8C45E3000B8EC9 /* Release */ = {
			isa = XCBuildConfiguration;
			baseConfigurationReference = B2BC95C663419605271A80BF /* Pods-Mortyverse.release.xcconfig */;
			buildSettings = {
				ASSETCATALOG_COMPILER_APPICON_NAME = AppIcon;
				ASSETCATALOG_COMPILER_GLOBAL_ACCENT_COLOR_NAME = AccentColor;
				CODE_SIGN_STYLE = Automatic;
				CURRENT_PROJECT_VERSION = 1;
				DEVELOPMENT_TEAM = 5P662H3S28;
				GENERATE_INFOPLIST_FILE = YES;
				INFOPLIST_FILE = Mortyverse/Info.plist;
				INFOPLIST_KEY_UIApplicationSupportsIndirectInputEvents = YES;
				INFOPLIST_KEY_UILaunchStoryboardName = LaunchScreen;
				INFOPLIST_KEY_UIMainStoryboardFile = Main;
				INFOPLIST_KEY_UISupportedInterfaceOrientations_iPad = "UIInterfaceOrientationPortrait UIInterfaceOrientationPortraitUpsideDown UIInterfaceOrientationLandscapeLeft UIInterfaceOrientationLandscapeRight";
				INFOPLIST_KEY_UISupportedInterfaceOrientations_iPhone = "UIInterfaceOrientationPortrait UIInterfaceOrientationLandscapeLeft UIInterfaceOrientationLandscapeRight";
				LD_RUNPATH_SEARCH_PATHS = (
					"$(inherited)",
					"@executable_path/Frameworks",
				);
				MARKETING_VERSION = 1.0;
				PRODUCT_BUNDLE_IDENTIFIER = com.bulamu.Mortyverse;
				PRODUCT_NAME = "$(TARGET_NAME)";
				SWIFT_EMIT_LOC_STRINGS = YES;
				SWIFT_VERSION = 5.0;
				TARGETED_DEVICE_FAMILY = "1,2";
			};
			name = Release;
		};
		96D4FBC62C8C45E3000B8EC9 /* Debug */ = {
			isa = XCBuildConfiguration;
			baseConfigurationReference = 623CBA5C0E08068E98A180B7 /* Pods-MortyverseTests.debug.xcconfig */;
			buildSettings = {
				ALWAYS_EMBED_SWIFT_STANDARD_LIBRARIES = YES;
				BUNDLE_LOADER = "$(TEST_HOST)";
				CODE_SIGN_STYLE = Automatic;
				CURRENT_PROJECT_VERSION = 1;
				DEVELOPMENT_TEAM = 5P662H3S28;
				GENERATE_INFOPLIST_FILE = YES;
				IPHONEOS_DEPLOYMENT_TARGET = 17.5;
				MARKETING_VERSION = 1.0;
				PRODUCT_BUNDLE_IDENTIFIER = com.bulamu.MortyverseTests;
				PRODUCT_NAME = "$(TARGET_NAME)";
				SWIFT_EMIT_LOC_STRINGS = NO;
				SWIFT_VERSION = 5.0;
				TARGETED_DEVICE_FAMILY = "1,2";
				TEST_HOST = "$(BUILT_PRODUCTS_DIR)/Mortyverse.app/$(BUNDLE_EXECUTABLE_FOLDER_PATH)/Mortyverse";
			};
			name = Debug;
		};
		96D4FBC72C8C45E3000B8EC9 /* Release */ = {
			isa = XCBuildConfiguration;
			baseConfigurationReference = DC6D8BE29797037C5B3F3F81 /* Pods-MortyverseTests.release.xcconfig */;
			buildSettings = {
				ALWAYS_EMBED_SWIFT_STANDARD_LIBRARIES = YES;
				BUNDLE_LOADER = "$(TEST_HOST)";
				CODE_SIGN_STYLE = Automatic;
				CURRENT_PROJECT_VERSION = 1;
				DEVELOPMENT_TEAM = 5P662H3S28;
				GENERATE_INFOPLIST_FILE = YES;
				IPHONEOS_DEPLOYMENT_TARGET = 17.5;
				MARKETING_VERSION = 1.0;
				PRODUCT_BUNDLE_IDENTIFIER = com.bulamu.MortyverseTests;
				PRODUCT_NAME = "$(TARGET_NAME)";
				SWIFT_EMIT_LOC_STRINGS = NO;
				SWIFT_VERSION = 5.0;
				TARGETED_DEVICE_FAMILY = "1,2";
				TEST_HOST = "$(BUILT_PRODUCTS_DIR)/Mortyverse.app/$(BUNDLE_EXECUTABLE_FOLDER_PATH)/Mortyverse";
			};
			name = Release;
		};
		96D4FBC92C8C45E3000B8EC9 /* Debug */ = {
			isa = XCBuildConfiguration;
			baseConfigurationReference = 22A1DE3520ACA51686B6DF56 /* Pods-Mortyverse-MortyverseUITests.debug.xcconfig */;
			buildSettings = {
				ALWAYS_EMBED_SWIFT_STANDARD_LIBRARIES = YES;
				CODE_SIGN_STYLE = Automatic;
				CURRENT_PROJECT_VERSION = 1;
				DEVELOPMENT_TEAM = 5P662H3S28;
				GENERATE_INFOPLIST_FILE = YES;
				MARKETING_VERSION = 1.0;
				PRODUCT_BUNDLE_IDENTIFIER = com.bulamu.MortyverseUITests;
				PRODUCT_NAME = "$(TARGET_NAME)";
				SWIFT_EMIT_LOC_STRINGS = NO;
				SWIFT_VERSION = 5.0;
				TARGETED_DEVICE_FAMILY = "1,2";
				TEST_TARGET_NAME = Mortyverse;
			};
			name = Debug;
		};
		96D4FBCA2C8C45E3000B8EC9 /* Release */ = {
			isa = XCBuildConfiguration;
			baseConfigurationReference = 69A2A1FF03D29D9750C3D9D0 /* Pods-Mortyverse-MortyverseUITests.release.xcconfig */;
			buildSettings = {
				ALWAYS_EMBED_SWIFT_STANDARD_LIBRARIES = YES;
				CODE_SIGN_STYLE = Automatic;
				CURRENT_PROJECT_VERSION = 1;
				DEVELOPMENT_TEAM = 5P662H3S28;
				GENERATE_INFOPLIST_FILE = YES;
				MARKETING_VERSION = 1.0;
				PRODUCT_BUNDLE_IDENTIFIER = com.bulamu.MortyverseUITests;
				PRODUCT_NAME = "$(TARGET_NAME)";
				SWIFT_EMIT_LOC_STRINGS = NO;
				SWIFT_VERSION = 5.0;
				TARGETED_DEVICE_FAMILY = "1,2";
				TEST_TARGET_NAME = Mortyverse;
			};
			name = Release;
		};
/* End XCBuildConfiguration section */

/* Begin XCConfigurationList section */
		96D4FB932C8C45E2000B8EC9 /* Build configuration list for PBXProject "Mortyverse" */ = {
			isa = XCConfigurationList;
			buildConfigurations = (
				96D4FBC02C8C45E3000B8EC9 /* Debug */,
				96D4FBC12C8C45E3000B8EC9 /* Release */,
			);
			defaultConfigurationIsVisible = 0;
			defaultConfigurationName = Release;
		};
		96D4FBC22C8C45E3000B8EC9 /* Build configuration list for PBXNativeTarget "Mortyverse" */ = {
			isa = XCConfigurationList;
			buildConfigurations = (
				96D4FBC32C8C45E3000B8EC9 /* Debug */,
				96D4FBC42C8C45E3000B8EC9 /* Release */,
			);
			defaultConfigurationIsVisible = 0;
			defaultConfigurationName = Release;
		};
		96D4FBC52C8C45E3000B8EC9 /* Build configuration list for PBXNativeTarget "MortyverseTests" */ = {
			isa = XCConfigurationList;
			buildConfigurations = (
				96D4FBC62C8C45E3000B8EC9 /* Debug */,
				96D4FBC72C8C45E3000B8EC9 /* Release */,
			);
			defaultConfigurationIsVisible = 0;
			defaultConfigurationName = Release;
		};
		96D4FBC82C8C45E3000B8EC9 /* Build configuration list for PBXNativeTarget "MortyverseUITests" */ = {
			isa = XCConfigurationList;
			buildConfigurations = (
				96D4FBC92C8C45E3000B8EC9 /* Debug */,
				96D4FBCA2C8C45E3000B8EC9 /* Release */,
			);
			defaultConfigurationIsVisible = 0;
			defaultConfigurationName = Release;
		};
/* End XCConfigurationList section */
	};
	rootObject = 96D4FB902C8C45E2000B8EC9 /* Project object */;
}
